
Microsoft Visual Studio Solution File, Format Version 12.00
# Visual Studio 15
VisualStudioVersion = 15.0.28307.329
MinimumVisualStudioVersion = 10.0.40219.1
Project("{FAE04EC0-301F-11D3-BF4B-00C04F79EFBC}") = "ASP.NETCRUD", "PrimerParcial\ASP.NETCRUD.csproj", "{AF125351-7363-4442-A35C-CBD077753F4A}"
EndProject
Project("{FAE04EC0-301F-11D3-BF4B-00C04F79EFBC}") = "WindowsFormsCRUDMVC", "WindowsFormsCRUDMVC\WindowsFormsCRUDMVC.csproj", "{5C043E33-040B-4417-8EAD-7804D7111140}"
EndProject
Global
	GlobalSection(SolutionConfigurationPlatforms) = preSolution
		Debug|Any CPU = Debug|Any CPU
		Release|Any CPU = Release|Any CPU
	EndGlobalSection
	GlobalSection(ProjectConfigurationPlatforms) = postSolution
		{AF125351-7363-4442-A35C-CBD077753F4A}.Debug|Any CPU.ActiveCfg = Debug|Any CPU
		{AF125351-7363-4442-A35C-CBD077753F4A}.Debug|Any CPU.Build.0 = Debug|Any CPU
		{AF125351-7363-4442-A35C-CBD077753F4A}.Release|Any CPU.ActiveCfg = Release|Any CPU
		{AF125351-7363-4442-A35C-CBD077753F4A}.Release|Any CPU.Build.0 = Release|Any CPU
		{5C043E33-040B-4417-8EAD-7804D7111140}.Debug|Any CPU.ActiveCfg = Debug|Any CPU
		{5C043E33-040B-4417-8EAD-7804D7111140}.Debug|Any CPU.Build.0 = Debug|Any CPU
		{5C043E33-040B-4417-8EAD-7804D7111140}.Release|Any CPU.ActiveCfg = Release|Any CPU
		{5C043E33-040B-4417-8EAD-7804D7111140}.Release|Any CPU.Build.0 = Release|Any CPU
	EndGlobalSection
	GlobalSection(SolutionProperties) = preSolution
		HideSolutionNode = FALSE
	EndGlobalSection
	GlobalSection(ExtensibilityGlobals) = postSolution
		SolutionGuid = {B6403360-FA56-4F6A-8404-E23434B3603A}
	EndGlobalSection
EndGlobal
